
Microsoft Visual Studio Solution File, Format Version 12.00
# Visual Studio 15
VisualStudioVersion = 15.0.26730.10
MinimumVisualStudioVersion = 10.0.40219.1
Project("{FAE04EC0-301F-11D3-BF4B-00C04F79EFBC}") = "UploadExcelSimple", "UploadExcelSimple\UploadExcelSimple.csproj", "{9F519A2D-994E-4589-9319-D2E9BFA2E8C4}"
EndProject
Global
	GlobalSection(SolutionConfigurationPlatforms) = preSolution
		Debug|Any CPU = Debug|Any CPU
		Release|Any CPU = Release|Any CPU
	EndGlobalSection
	GlobalSection(ProjectConfigurationPlatforms) = postSolution
		{9F519A2D-994E-4589-9319-D2E9BFA2E8C4}.Debug|Any CPU.ActiveCfg = Debug|Any CPU
		{9F519A2D-994E-4589-9319-D2E9BFA2E8C4}.Debug|Any CPU.Build.0 = Debug|Any CPU
		{9F519A2D-994E-4589-9319-D2E9BFA2E8C4}.Release|Any CPU.ActiveCfg = Release|Any CPU
		{9F519A2D-994E-4589-9319-D2E9BFA2E8C4}.Release|Any CPU.Build.0 = Release|Any CPU
	EndGlobalSection
	GlobalSection(SolutionProperties) = preSolution
		HideSolutionNode = FALSE
	EndGlobalSection
	GlobalSection(ExtensibilityGlobals) = postSolution
		SolutionGuid = {07150E29-D896-413F-89E6-E13D68722E7F}
	EndGlobalSection
EndGlobal
